
Microsoft Visual Studio Solution File, Format Version 12.00
# Visual Studio Version 16
VisualStudioVersion = 16.0.32510.428
MinimumVisualStudioVersion = 10.0.40219.1
Project("{FAE04EC0-301F-11D3-BF4B-00C04F79EFBC}") = "MyLinqTest", "MyLinqTest\MyLinqTest.csproj", "{8FAA25ED-0E6B-40AF-A7B1-4D27373B4CC3}"
EndProject
Project("{FAE04EC0-301F-11D3-BF4B-00C04F79EFBC}") = "NhibernateTest", "NhibernateTest\NhibernateTest.csproj", "{41AADF55-1972-4EBD-BC48-9D25FE33E5F5}"
EndProject
Global
	GlobalSection(SolutionConfigurationPlatforms) = preSolution
		Debug|Any CPU = Debug|Any CPU
		Release|Any CPU = Release|Any CPU
	EndGlobalSection
	GlobalSection(ProjectConfigurationPlatforms) = postSolution
		{8FAA25ED-0E6B-40AF-A7B1-4D27373B4CC3}.Debug|Any CPU.ActiveCfg = Debug|Any CPU
		{8FAA25ED-0E6B-40AF-A7B1-4D27373B4CC3}.Debug|Any CPU.Build.0 = Debug|Any CPU
		{8FAA25ED-0E6B-40AF-A7B1-4D27373B4CC3}.Release|Any CPU.ActiveCfg = Release|Any CPU
		{8FAA25ED-0E6B-40AF-A7B1-4D27373B4CC3}.Release|Any CPU.Build.0 = Release|Any CPU
		{41AADF55-1972-4EBD-BC48-9D25FE33E5F5}.Debug|Any CPU.ActiveCfg = Debug|Any CPU
		{41AADF55-1972-4EBD-BC48-9D25FE33E5F5}.Debug|Any CPU.Build.0 = Debug|Any CPU
		{41AADF55-1972-4EBD-BC48-9D25FE33E5F5}.Release|Any CPU.ActiveCfg = Release|Any CPU
		{41AADF55-1972-4EBD-BC48-9D25FE33E5F5}.Release|Any CPU.Build.0 = Release|Any CPU
	EndGlobalSection
	GlobalSection(SolutionProperties) = preSolution
		HideSolutionNode = FALSE
	EndGlobalSection
	GlobalSection(ExtensibilityGlobals) = postSolution
		SolutionGuid = {E5CC767B-7EA6-49BF-9160-3E308C42B0C1}
	EndGlobalSection
EndGlobal
